Microsoft Visual Studio Solution File, Format Version 12.00
# Visual Studio Version 17
VisualStudioVersion = 17.5.2.0
MinimumVisualStudioVersion = 10.0.40219.1
Project("{2150E333-8FDC-42A3-9474-1A3956D46DE8}") = "apps", "apps", "{1787FE1D-075E-9E68-7218-25F1BD1BBEAB}"
EndProject
Project("{FAE04EC0-301F-11D3-BF4B-00C04F79EFBC}") = "FgLabel.Api", "apps\api-gateway\FgLabel.Api.csproj", "{07A6D0C5-7748-D9EF-12EE-D0B0C088D0EA}"
EndProject
Project("{FAE04EC0-301F-11D3-BF4B-00C04F79EFBC}") = "TempProgramFixApp", "apps\TempProgramFixApp\TempProgramFixApp.csproj", "{55838D65-6C27-0911-1EF1-6CB6A29C3498}"
EndProject
Project("{FAE04EC0-301F-11D3-BF4B-00C04F79EFBC}") = "FgLabel.Worker", "apps\worker-service\FgLabel.Worker.csproj", "{F1E09C33-5873-726C-E19A-1F67BA5286BA}"
EndProject
Project("{2150E333-8FDC-42A3-9474-1A3956D46DE8}") = "shared", "shared", "{53334336-8DD2-546E-26F4-E23ACB725AD3}"
EndProject
Project("{FAE04EC0-301F-11D3-BF4B-00C04F79EFBC}") = "FgLabel.Shared", "apps\shared\FgLabel.Shared\FgLabel.Shared.csproj", "{56A227E0-2D68-593B-37E1-19992B629E03}"
EndProject
Global
	GlobalSection(SolutionConfigurationPlatforms) = preSolution
		Debug|Any CPU = Debug|Any CPU
		Release|Any CPU = Release|Any CPU
	EndGlobalSection
	GlobalSection(ProjectConfigurationPlatforms) = postSolution
		{07A6D0C5-7748-D9EF-12EE-D0B0C088D0EA}.Debug|Any CPU.ActiveCfg = Debug|Any CPU
		{07A6D0C5-7748-D9EF-12EE-D0B0C088D0EA}.Debug|Any CPU.Build.0 = Debug|Any CPU
		{07A6D0C5-7748-D9EF-12EE-D0B0C088D0EA}.Release|Any CPU.ActiveCfg = Release|Any CPU
		{07A6D0C5-7748-D9EF-12EE-D0B0C088D0EA}.Release|Any CPU.Build.0 = Release|Any CPU
		{55838D65-6C27-0911-1EF1-6CB6A29C3498}.Debug|Any CPU.ActiveCfg = Debug|Any CPU
		{55838D65-6C27-0911-1EF1-6CB6A29C3498}.Debug|Any CPU.Build.0 = Debug|Any CPU
		{55838D65-6C27-0911-1EF1-6CB6A29C3498}.Release|Any CPU.ActiveCfg = Release|Any CPU
		{55838D65-6C27-0911-1EF1-6CB6A29C3498}.Release|Any CPU.Build.0 = Release|Any CPU
		{F1E09C33-5873-726C-E19A-1F67BA5286BA}.Debug|Any CPU.ActiveCfg = Debug|Any CPU
		{F1E09C33-5873-726C-E19A-1F67BA5286BA}.Debug|Any CPU.Build.0 = Debug|Any CPU
		{F1E09C33-5873-726C-E19A-1F67BA5286BA}.Release|Any CPU.ActiveCfg = Release|Any CPU
		{F1E09C33-5873-726C-E19A-1F67BA5286BA}.Release|Any CPU.Build.0 = Release|Any CPU
		{56A227E0-2D68-593B-37E1-19992B629E03}.Debug|Any CPU.ActiveCfg = Debug|Any CPU
		{56A227E0-2D68-593B-37E1-19992B629E03}.Debug|Any CPU.Build.0 = Debug|Any CPU
		{56A227E0-2D68-593B-37E1-19992B629E03}.Release|Any CPU.ActiveCfg = Release|Any CPU
		{56A227E0-2D68-593B-37E1-19992B629E03}.Release|Any CPU.Build.0 = Release|Any CPU
	EndGlobalSection
	GlobalSection(SolutionProperties) = preSolution
		HideSolutionNode = FALSE
	EndGlobalSection
	GlobalSection(NestedProjects) = preSolution
		{07A6D0C5-7748-D9EF-12EE-D0B0C088D0EA} = {1787FE1D-075E-9E68-7218-25F1BD1BBEAB}
		{55838D65-6C27-0911-1EF1-6CB6A29C3498} = {1787FE1D-075E-9E68-7218-25F1BD1BBEAB}
		{F1E09C33-5873-726C-E19A-1F67BA5286BA} = {1787FE1D-075E-9E68-7218-25F1BD1BBEAB}
		{53334336-8DD2-546E-26F4-E23ACB725AD3} = {1787FE1D-075E-9E68-7218-25F1BD1BBEAB}
		{56A227E0-2D68-593B-37E1-19992B629E03} = {53334336-8DD2-546E-26F4-E23ACB725AD3}
	EndGlobalSection
	GlobalSection(ExtensibilityGlobals) = postSolution
		SolutionGuid = {399CE2CD-FC5B-4AB1-A4CD-957B43DBFEF7}
	EndGlobalSection
EndGlobal
